<?xml version="1.0" encoding="utf-8"?>
<Project ToolsVersion="4.0" xmlns="http://schemas.microsoft.com/developer/msbuild/2003">
  <ItemGroup>
    <Filter Include="Исходные файлы">
      <UniqueIdentifier>{4FC737F1-C7A5-4376-A066-2A32D752A2FF}</UniqueIdentifier>
      <Extensions>cpp;c;cc;cxx;c++;cppm;ixx;def;odl;idl;hpj;bat;asm;asmx</Extensions>
    </Filter>
    <Filter Include="Файлы заголовков">
      <UniqueIdentifier>{93995380-89BD-4b04-88EB-625FBE52EBFB}</UniqueIdentifier>
      <Extensions>h;hh;hpp;hxx;h++;hm;inl;inc;ipp;xsd</Extensions>
    </Filter>
    <Filter Include="Файлы ресурсов">
      <UniqueIdentifier>{67DA6AB6-F800-4c08-8B7A-83BB121AAD01}</UniqueIdentifier>
      <Extensions>rc;ico;cur;bmp;dlg;rc2;rct;bin;rgs;gif;jpg;jpeg;jpe;resx;tiff;tif;png;wav;mfcribbon-ms</Extensions>
    </Filter>
  </ItemGroup>
  <ItemGroup>
    <ClCompile Include="main.cpp">
      <Filter>Исходные файлы</Filter>
    </ClCompile>
    <ClCompile Include="deps\luau\Source\Luau\Ast.cpp">
      <Filter>Исходные файлы</Filter>
    </ClCompile>
    <ClCompile Include="deps\luau\Source\Luau\BuiltinFolding.cpp">
      <Filter>Исходные файлы</Filter>
    </ClCompile>
    <ClCompile Include="deps\luau\Source\Luau\Builtins.cpp">
      <Filter>Исходные файлы</Filter>
    </ClCompile>
    <ClCompile Include="deps\luau\Source\Luau\BytecodeBuilder.cpp">
      <Filter>Исходные файлы</Filter>
    </ClCompile>
    <ClCompile Include="deps\luau\Source\Luau\Compiler.cpp">
      <Filter>Исходные файлы</Filter>
    </ClCompile>
    <ClCompile Include="deps\luau\Source\Luau\Confusables.cpp">
      <Filter>Исходные файлы</Filter>
    </ClCompile>
    <ClCompile Include="deps\luau\Source\Luau\ConstantFolding.cpp">
      <Filter>Исходные файлы</Filter>
    </ClCompile>
    <ClCompile Include="deps\luau\Source\Luau\CostModel.cpp">
      <Filter>Исходные файлы</Filter>
    </ClCompile>
    <ClCompile Include="deps\luau\Source\Luau\lcode.cpp">
      <Filter>Исходные файлы</Filter>
    </ClCompile>
    <ClCompile Include="deps\luau\Source\Luau\Lexer.cpp">
      <Filter>Исходные файлы</Filter>
    </ClCompile>
    <ClCompile Include="deps\luau\Source\Luau\Location.cpp">
      <Filter>Исходные файлы</Filter>
    </ClCompile>
    <ClCompile Include="deps\luau\Source\Luau\Parser.cpp">
      <Filter>Исходные файлы</Filter>
    </ClCompile>
    <ClCompile Include="deps\luau\Source\Luau\StringUtils.cpp">
      <Filter>Исходные файлы</Filter>
    </ClCompile>
    <ClCompile Include="deps\luau\Source\Luau\TableShape.cpp">
      <Filter>Исходные файлы</Filter>
    </ClCompile>
    <ClCompile Include="deps\luau\Source\Luau\TimeTrace.cpp">
      <Filter>Исходные файлы</Filter>
    </ClCompile>
    <ClCompile Include="deps\luau\Source\Luau\Types.cpp">
      <Filter>Исходные файлы</Filter>
    </ClCompile>
    <ClCompile Include="deps\luau\Source\Luau\ValueTracking.cpp">
      <Filter>Исходные файлы</Filter>
    </ClCompile>
  </ItemGroup>
  <ItemGroup>
    <ClInclude Include="deps\includes.h">
      <Filter>Файлы заголовков</Filter>
    </ClInclude>
    <ClInclude Include="deps\httplib.h">
      <Filter>Файлы заголовков</Filter>
    </ClInclude>
    <ClInclude Include="deps\luau\Include\luacode.h">
      <Filter>Файлы заголовков</Filter>
    </ClInclude>
    <ClInclude Include="deps\luau\Include\Luau\Ast.h">
      <Filter>Файлы заголовков</Filter>
    </ClInclude>
    <ClInclude Include="deps\luau\Include\Luau\Bytecode.h">
      <Filter>Файлы заголовков</Filter>
    </ClInclude>
    <ClInclude Include="deps\luau\Include\Luau\BytecodeBuilder.h">
      <Filter>Файлы заголовков</Filter>
    </ClInclude>
    <ClInclude Include="deps\luau\Include\Luau\BytecodeUtils.h">
      <Filter>Файлы заголовков</Filter>
    </ClInclude>
    <ClInclude Include="deps\luau\Include\Luau\Common.h">
      <Filter>Файлы заголовков</Filter>
    </ClInclude>
    <ClInclude Include="deps\luau\Include\Luau\Compiler.h">
      <Filter>Файлы заголовков</Filter>
    </ClInclude>
    <ClInclude Include="deps\luau\Include\Luau\Confusables.h">
      <Filter>Файлы заголовков</Filter>
    </ClInclude>
    <ClInclude Include="deps\luau\Include\Luau\DenseHash.h">
      <Filter>Файлы заголовков</Filter>
    </ClInclude>
    <ClInclude Include="deps\luau\Include\Luau\ExperimentalFlags.h">
      <Filter>Файлы заголовков</Filter>
    </ClInclude>
    <ClInclude Include="deps\luau\Include\Luau\Lexer.h">
      <Filter>Файлы заголовков</Filter>
    </ClInclude>
    <ClInclude Include="deps\luau\Include\Luau\Location.h">
      <Filter>Файлы заголовков</Filter>
    </ClInclude>
    <ClInclude Include="deps\luau\Include\Luau\ParseOptions.h">
      <Filter>Файлы заголовков</Filter>
    </ClInclude>
    <ClInclude Include="deps\luau\Include\Luau\Parser.h">
      <Filter>Файлы заголовков</Filter>
    </ClInclude>
    <ClInclude Include="deps\luau\Include\Luau\ParseResult.h">
      <Filter>Файлы заголовков</Filter>
    </ClInclude>
    <ClInclude Include="deps\luau\Include\Luau\StringUtils.h">
      <Filter>Файлы заголовков</Filter>
    </ClInclude>
    <ClInclude Include="deps\luau\Include\Luau\TimeTrace.h">
      <Filter>Файлы заголовков</Filter>
    </ClInclude>
    <ClInclude Include="deps\luau\Include\Luau\Variant.h">
      <Filter>Файлы заголовков</Filter>
    </ClInclude>
    <ClInclude Include="deps\luau\Include\Luau\VecDeque.h">
      <Filter>Файлы заголовков</Filter>
    </ClInclude>
    <ClInclude Include="deps\luau\Source\Luau\BuiltinFolding.h">
      <Filter>Файлы заголовков</Filter>
    </ClInclude>
    <ClInclude Include="deps\luau\Source\Luau\Builtins.h">
      <Filter>Файлы заголовков</Filter>
    </ClInclude>
    <ClInclude Include="deps\luau\Source\Luau\ConstantFolding.h">
      <Filter>Файлы заголовков</Filter>
    </ClInclude>
    <ClInclude Include="deps\luau\Source\Luau\CostModel.h">
      <Filter>Файлы заголовков</Filter>
    </ClInclude>
    <ClInclude Include="deps\luau\Source\Luau\TableShape.h">
      <Filter>Файлы заголовков</Filter>
    </ClInclude>
    <ClInclude Include="deps\luau\Source\Luau\Types.h">
      <Filter>Файлы заголовков</Filter>
    </ClInclude>
    <ClInclude Include="deps\luau\Source\Luau\ValueTracking.h">
      <Filter>Файлы заголовков</Filter>
    </ClInclude>
    <ClInclude Include="deps\zstd\include\zstd\xxhash.h">
      <Filter>Файлы заголовков</Filter>
    </ClInclude>
    <ClInclude Include="deps\zstd\include\zstd\zstd.h">
      <Filter>Файлы заголовков</Filter>
    </ClInclude>
    <ClInclude Include="driver\driver.hpp">
      <Filter>Файлы заголовков</Filter>
    </ClInclude>
    <ClInclude Include="includess.h">
      <Filter>Файлы заголовков</Filter>
    </ClInclude>
    <ClInclude Include="rbx\misc\strFucker.h">
      <Filter>Файлы заголовков</Filter>
    </ClInclude>
    <ClInclude Include="rbx\offsets.h">
      <Filter>Файлы заголовков</Filter>
    </ClInclude>
    <ClInclude Include="rbx\processes\processes.hpp">
      <Filter>Файлы заголовков</Filter>
    </ClInclude>
    <ClInclude Include="rbx\instance\instance.hpp">
      <Filter>Файлы заголовков</Filter>
    </ClInclude>
    <ClInclude Include="rbx\globals.h">
      <Filter>Файлы заголовков</Filter>
    </ClInclude>
    <ClInclude Include="resource.h">
      <Filter>Файлы заголовков</Filter>
    </ClInclude>
    <ClInclude Include="rbx\execution\execution.h">
      <Filter>Файлы заголовков</Filter>
    </ClInclude>
    <ClInclude Include="rbx\compression\compression.h">
      <Filter>Файлы заголовков</Filter>
    </ClInclude>
    <ClInclude Include="rbx\executor\bridge.h">
      <Filter>Файлы заголовков</Filter>
    </ClInclude>
  </ItemGroup>
  <ItemGroup>
    <None Include="deps\zstd\include\desktop.ini" />
    <None Include="env.lua" />
    <None Include="external.aps" />
  </ItemGroup>
  <ItemGroup>
    <Library Include="deps\zstd\lib\zstd_static.lib" />
  </ItemGroup>
  <ItemGroup>
    <ResourceCompile Include="external.rc">
      <Filter>Файлы ресурсов</Filter>
    </ResourceCompile>
  </ItemGroup>
</Project>